
Microsoft Visual Studio Solution File, Format Version 12.00
# Visual Studio Version 17
VisualStudioVersion = 17.6.33815.320
MinimumVisualStudioVersion = 10.0.40219.1
Project("{FAE04EC0-301F-11D3-BF4B-00C04F79EFBC}") = "BNP", "BNP\BNP.csproj", "{7D35F07D-C936-48D4-88FF-2F7E65B4F6BE}"
EndProject
Global
	GlobalSection(SolutionConfigurationPlatforms) = preSolution
		Debug|Any CPU = Debug|Any CPU
		Release|Any CPU = Release|Any CPU
	EndGlobalSection
	GlobalSection(ProjectConfigurationPlatforms) = postSolution
		{7D35F07D-C936-48D4-88FF-2F7E65B4F6BE}.Debug|Any CPU.ActiveCfg = Debug|Any CPU
		{7D35F07D-C936-48D4-88FF-2F7E65B4F6BE}.Debug|Any CPU.Build.0 = Debug|Any CPU
		{7D35F07D-C936-48D4-88FF-2F7E65B4F6BE}.Release|Any CPU.ActiveCfg = Release|Any CPU
		{7D35F07D-C936-48D4-88FF-2F7E65B4F6BE}.Release|Any CPU.Build.0 = Release|Any CPU
	EndGlobalSection
	GlobalSection(SolutionProperties) = preSolution
		HideSolutionNode = FALSE
	EndGlobalSection
	GlobalSection(ExtensibilityGlobals) = postSolution
		SolutionGuid = {44757004-9755-42D0-8E4D-D0D57E2F709B}
	EndGlobalSection
EndGlobal
